
Microsoft Visual Studio Solution File, Format Version 12.00
# Visual Studio 15
VisualStudioVersion = 15.0.27428.2043
MinimumVisualStudioVersion = 10.0.40219.1
Project("{9A19103F-16F7-4668-BE54-9A1E7A4F7556}") = "AspNetTemplate.Presentation", "AspNetTemplate.Presentation\AspNetTemplate.Presentation.csproj", "{F05D5279-6F7F-4E0D-AB3D-3EA55EB2B8EF}"
EndProject
Project("{9A19103F-16F7-4668-BE54-9A1E7A4F7556}") = "AspNetTemplate.ApplicationService", "AspNetTemplate.ApplicationService\ApplicationService\AspNetTemplate.ApplicationService.csproj", "{71BF5F16-669B-4ED2-A08D-522ABC842A88}"
EndProject
Project("{9A19103F-16F7-4668-BE54-9A1E7A4F7556}") = "AspNetTemplate.ClientEntity", "AspNetTemplate.ClientEntity\ClientEntity\AspNetTemplate.ClientEntity.csproj", "{FEA8AD27-4C2B-4C5B-86E9-0E08D683E036}"
EndProject
Project("{9A19103F-16F7-4668-BE54-9A1E7A4F7556}") = "AspNetTemplate.DataAccess", "AspNetTemplate.DataAccess\AspNetTemplate.DataAccess\AspNetTemplate.DataAccess.csproj", "{C9A74E41-DBED-4E35-B520-13E0374532FC}"
EndProject
Project("{9A19103F-16F7-4668-BE54-9A1E7A4F7556}") = "AspNetTemplate.DomainEntity", "AspNetTemplate.DomainEntity\AspNetTemplate.DomainEntity\AspNetTemplate.DomainEntity.csproj", "{0418C431-4E25-422D-8B61-87F048B0D7E6}"
EndProject
Project("{9A19103F-16F7-4668-BE54-9A1E7A4F7556}") = "AspNetTemplate.CommonService", "AspNetTemplate.CommonService\AspNetTemplate.CommonService\AspNetTemplate.CommonService.csproj", "{F53C0566-0A0F-4D84-8F5E-9EE150D4E18B}"
EndProject
Project("{FAE04EC0-301F-11D3-BF4B-00C04F79EFBC}") = "AspNetTemplate.Test", "AspNetTemplate.Test\AspNetTemplate.Test.csproj", "{0B552222-2325-47FB-A6EA-C778264928D7}"
EndProject
Global
	GlobalSection(SolutionConfigurationPlatforms) = preSolution
		Debug|Any CPU = Debug|Any CPU
		Debug|x86 = Debug|x86
		Release|Any CPU = Release|Any CPU
		Release|x86 = Release|x86
	EndGlobalSection
	GlobalSection(ProjectConfigurationPlatforms) = postSolution
		{F05D5279-6F7F-4E0D-AB3D-3EA55EB2B8EF}.Debug|Any CPU.ActiveCfg = Debug|Any CPU
		{F05D5279-6F7F-4E0D-AB3D-3EA55EB2B8EF}.Debug|Any CPU.Build.0 = Debug|Any CPU
		{F05D5279-6F7F-4E0D-AB3D-3EA55EB2B8EF}.Debug|x86.ActiveCfg = Debug|x86
		{F05D5279-6F7F-4E0D-AB3D-3EA55EB2B8EF}.Debug|x86.Build.0 = Debug|x86
		{F05D5279-6F7F-4E0D-AB3D-3EA55EB2B8EF}.Release|Any CPU.ActiveCfg = Release|Any CPU
		{F05D5279-6F7F-4E0D-AB3D-3EA55EB2B8EF}.Release|Any CPU.Build.0 = Release|Any CPU
		{F05D5279-6F7F-4E0D-AB3D-3EA55EB2B8EF}.Release|x86.ActiveCfg = Release|x86
		{F05D5279-6F7F-4E0D-AB3D-3EA55EB2B8EF}.Release|x86.Build.0 = Release|x86
		{71BF5F16-669B-4ED2-A08D-522ABC842A88}.Debug|Any CPU.ActiveCfg = Debug|Any CPU
		{71BF5F16-669B-4ED2-A08D-522ABC842A88}.Debug|Any CPU.Build.0 = Debug|Any CPU
		{71BF5F16-669B-4ED2-A08D-522ABC842A88}.Debug|x86.ActiveCfg = Debug|x86
		{71BF5F16-669B-4ED2-A08D-522ABC842A88}.Debug|x86.Build.0 = Debug|x86
		{71BF5F16-669B-4ED2-A08D-522ABC842A88}.Release|Any CPU.ActiveCfg = Release|Any CPU
		{71BF5F16-669B-4ED2-A08D-522ABC842A88}.Release|Any CPU.Build.0 = Release|Any CPU
		{71BF5F16-669B-4ED2-A08D-522ABC842A88}.Release|x86.ActiveCfg = Release|x86
		{71BF5F16-669B-4ED2-A08D-522ABC842A88}.Release|x86.Build.0 = Release|x86
		{FEA8AD27-4C2B-4C5B-86E9-0E08D683E036}.Debug|Any CPU.ActiveCfg = Debug|Any CPU
		{FEA8AD27-4C2B-4C5B-86E9-0E08D683E036}.Debug|Any CPU.Build.0 = Debug|Any CPU
		{FEA8AD27-4C2B-4C5B-86E9-0E08D683E036}.Debug|x86.ActiveCfg = Debug|x86
		{FEA8AD27-4C2B-4C5B-86E9-0E08D683E036}.Debug|x86.Build.0 = Debug|x86
		{FEA8AD27-4C2B-4C5B-86E9-0E08D683E036}.Release|Any CPU.ActiveCfg = Release|Any CPU
		{FEA8AD27-4C2B-4C5B-86E9-0E08D683E036}.Release|Any CPU.Build.0 = Release|Any CPU
		{FEA8AD27-4C2B-4C5B-86E9-0E08D683E036}.Release|x86.ActiveCfg = Release|x86
		{FEA8AD27-4C2B-4C5B-86E9-0E08D683E036}.Release|x86.Build.0 = Release|x86
		{C9A74E41-DBED-4E35-B520-13E0374532FC}.Debug|Any CPU.ActiveCfg = Debug|Any CPU
		{C9A74E41-DBED-4E35-B520-13E0374532FC}.Debug|Any CPU.Build.0 = Debug|Any CPU
		{C9A74E41-DBED-4E35-B520-13E0374532FC}.Debug|x86.ActiveCfg = Debug|x86
		{C9A74E41-DBED-4E35-B520-13E0374532FC}.Debug|x86.Build.0 = Debug|x86
		{C9A74E41-DBED-4E35-B520-13E0374532FC}.Release|Any CPU.ActiveCfg = Release|Any CPU
		{C9A74E41-DBED-4E35-B520-13E0374532FC}.Release|Any CPU.Build.0 = Release|Any CPU
		{C9A74E41-DBED-4E35-B520-13E0374532FC}.Release|x86.ActiveCfg = Release|x86
		{C9A74E41-DBED-4E35-B520-13E0374532FC}.Release|x86.Build.0 = Release|x86
		{0418C431-4E25-422D-8B61-87F048B0D7E6}.Debug|Any CPU.ActiveCfg = Debug|Any CPU
		{0418C431-4E25-422D-8B61-87F048B0D7E6}.Debug|Any CPU.Build.0 = Debug|Any CPU
		{0418C431-4E25-422D-8B61-87F048B0D7E6}.Debug|x86.ActiveCfg = Debug|x86
		{0418C431-4E25-422D-8B61-87F048B0D7E6}.Debug|x86.Build.0 = Debug|x86
		{0418C431-4E25-422D-8B61-87F048B0D7E6}.Release|Any CPU.ActiveCfg = Release|Any CPU
		{0418C431-4E25-422D-8B61-87F048B0D7E6}.Release|Any CPU.Build.0 = Release|Any CPU
		{0418C431-4E25-422D-8B61-87F048B0D7E6}.Release|x86.ActiveCfg = Release|x86
		{0418C431-4E25-422D-8B61-87F048B0D7E6}.Release|x86.Build.0 = Release|x86
		{F53C0566-0A0F-4D84-8F5E-9EE150D4E18B}.Debug|Any CPU.ActiveCfg = Debug|Any CPU
		{F53C0566-0A0F-4D84-8F5E-9EE150D4E18B}.Debug|Any CPU.Build.0 = Debug|Any CPU
		{F53C0566-0A0F-4D84-8F5E-9EE150D4E18B}.Debug|x86.ActiveCfg = Debug|Any CPU
		{F53C0566-0A0F-4D84-8F5E-9EE150D4E18B}.Debug|x86.Build.0 = Debug|Any CPU
		{F53C0566-0A0F-4D84-8F5E-9EE150D4E18B}.Release|Any CPU.ActiveCfg = Release|Any CPU
		{F53C0566-0A0F-4D84-8F5E-9EE150D4E18B}.Release|Any CPU.Build.0 = Release|Any CPU
		{F53C0566-0A0F-4D84-8F5E-9EE150D4E18B}.Release|x86.ActiveCfg = Release|Any CPU
		{F53C0566-0A0F-4D84-8F5E-9EE150D4E18B}.Release|x86.Build.0 = Release|Any CPU
		{0B552222-2325-47FB-A6EA-C778264928D7}.Debug|Any CPU.ActiveCfg = Debug|Any CPU
		{0B552222-2325-47FB-A6EA-C778264928D7}.Debug|Any CPU.Build.0 = Debug|Any CPU
		{0B552222-2325-47FB-A6EA-C778264928D7}.Debug|x86.ActiveCfg = Debug|Any CPU
		{0B552222-2325-47FB-A6EA-C778264928D7}.Debug|x86.Build.0 = Debug|Any CPU
		{0B552222-2325-47FB-A6EA-C778264928D7}.Release|Any CPU.ActiveCfg = Release|Any CPU
		{0B552222-2325-47FB-A6EA-C778264928D7}.Release|Any CPU.Build.0 = Release|Any CPU
		{0B552222-2325-47FB-A6EA-C778264928D7}.Release|x86.ActiveCfg = Release|Any CPU
		{0B552222-2325-47FB-A6EA-C778264928D7}.Release|x86.Build.0 = Release|Any CPU
	EndGlobalSection
	GlobalSection(SolutionProperties) = preSolution
		HideSolutionNode = FALSE
	EndGlobalSection
	GlobalSection(ExtensibilityGlobals) = postSolution
		SolutionGuid = {43ED48FE-AF6D-4E6C-A5FF-28C08EA72499}
	EndGlobalSection
EndGlobal
